
Microsoft Visual Studio Solution File, Format Version 12.00
# Visual Studio Version 17
VisualStudioVersion = 17.5.002.0
MinimumVisualStudioVersion = 10.0.40219.1
Project("{9A19103F-16F7-4668-BE54-9A1E7A4F7556}") = "CallvotePlugin", "CallvotePlugin.csproj", "{C0999D7D-349F-4577-9E7F-4AF239265D7D}"
EndProject
Global
	GlobalSection(SolutionConfigurationPlatforms) = preSolution
		Debug|Any CPU = Debug|Any CPU
		Release|Any CPU = Release|Any CPU
	EndGlobalSection
	GlobalSection(ProjectConfigurationPlatforms) = postSolution
		{C0999D7D-349F-4577-9E7F-4AF239265D7D}.Debug|Any CPU.ActiveCfg = Debug|Any CPU
		{C0999D7D-349F-4577-9E7F-4AF239265D7D}.Debug|Any CPU.Build.0 = Debug|Any CPU
		{C0999D7D-349F-4577-9E7F-4AF239265D7D}.Release|Any CPU.ActiveCfg = Release|Any CPU
		{C0999D7D-349F-4577-9E7F-4AF239265D7D}.Release|Any CPU.Build.0 = Release|Any CPU
	EndGlobalSection
	GlobalSection(SolutionProperties) = preSolution
		HideSolutionNode = FALSE
	EndGlobalSection
	GlobalSection(ExtensibilityGlobals) = postSolution
		SolutionGuid = {7E822E77-2007-428B-B5A4-41534B37ED9A}
	EndGlobalSection
EndGlobal
